
Microsoft Visual Studio Solution File, Format Version 12.00
# Visual Studio Version 16
VisualStudioVersion = 16.0.29613.14
MinimumVisualStudioVersion = 10.0.40219.1
Project("{FAE04EC0-301F-11D3-BF4B-00C04F79EFBC}") = "Operations", "Operations\Operations.csproj", "{67D3ED71-7A95-4EAB-9932-AE9603357368}"
EndProject
Project("{FAE04EC0-301F-11D3-BF4B-00C04F79EFBC}") = "OperationsTests", "OperationsTests\OperationsTests.csproj", "{8EE74313-DD86-4092-B1F7-76F1BA57B745}"
EndProject
Global
	GlobalSection(SolutionConfigurationPlatforms) = preSolution
		Debug|Any CPU = Debug|Any CPU
		Release|Any CPU = Release|Any CPU
	EndGlobalSection
	GlobalSection(ProjectConfigurationPlatforms) = postSolution
		{67D3ED71-7A95-4EAB-9932-AE9603357368}.Debug|Any CPU.ActiveCfg = Debug|Any CPU
		{67D3ED71-7A95-4EAB-9932-AE9603357368}.Debug|Any CPU.Build.0 = Debug|Any CPU
		{67D3ED71-7A95-4EAB-9932-AE9603357368}.Release|Any CPU.ActiveCfg = Release|Any CPU
		{67D3ED71-7A95-4EAB-9932-AE9603357368}.Release|Any CPU.Build.0 = Release|Any CPU
		{8EE74313-DD86-4092-B1F7-76F1BA57B745}.Debug|Any CPU.ActiveCfg = Debug|Any CPU
		{8EE74313-DD86-4092-B1F7-76F1BA57B745}.Debug|Any CPU.Build.0 = Debug|Any CPU
		{8EE74313-DD86-4092-B1F7-76F1BA57B745}.Release|Any CPU.ActiveCfg = Release|Any CPU
		{8EE74313-DD86-4092-B1F7-76F1BA57B745}.Release|Any CPU.Build.0 = Release|Any CPU
	EndGlobalSection
	GlobalSection(SolutionProperties) = preSolution
		HideSolutionNode = FALSE
	EndGlobalSection
	GlobalSection(ExtensibilityGlobals) = postSolution
		SolutionGuid = {D87FC065-4415-4EE9-8CC3-0CECF29D63EC}
	EndGlobalSection
EndGlobal
